// !$*UTF8*$!
{
	archiveVersion = 1;
	classes = {
	};
	objectVersion = 46;
	objects = {

/* Begin PBXAggregateTarget section */
		537787E80EEF9341000E5476 /* Distribution */ = {
			isa = PBXAggregateTarget;
			buildConfigurationList = 537787EB0EEF935F000E5476 /* Build configuration list for PBXAggregateTarget "Distribution" */;
			buildPhases = (
				537787E70EEF9341000E5476 /* ShellScript */,
			);
			dependencies = (
				537788010EEF940C000E5476 /* PBXTargetDependency */,
			);
			name = Distribution;
			productName = Distribution;
		};
/* End PBXAggregateTarget section */

/* Begin PBXBuildFile section */
		1DDD58160DA1D0A300B32029 /* MainMenu.xib in Resources */ = {isa = PBXBuildFile; fileRef = 1DDD58140DA1D0A300B32029 /* MainMenu.xib */; };
		53692A2D0EF49E2F006B6730 /* Credits.html in Resources */ = {isa = PBXBuildFile; fileRef = 53692A2C0EF49E2F006B6730 /* Credits.html */; };
		53692A380EF49F6C006B6730 /* runinshell.m in Sources */ = {isa = PBXBuildFile; fileRef = 53692A370EF49F6C006B6730 /* runinshell.m */; };
		537787D20EEF8C04000E5476 /* pyTivoX.icns in Resources */ = {isa = PBXBuildFile; fileRef = 537787D10EEF8C04000E5476 /* pyTivoX.icns */; };
		537787D70EEF90A6000E5476 /* pyTivoX.html in Resources */ = {isa = PBXBuildFile; fileRef = 537787D60EEF90A6000E5476 /* pyTivoX.html */; };
		537E0A4D0EF0388D007BC88F /* reload.png in Resources */ = {isa = PBXBuildFile; fileRef = 537E0A490EF0388C007BC88F /* reload.png */; };
		537E0A4F0EF0388D007BC88F /* exit.png in Resources */ = {isa = PBXBuildFile; fileRef = 537E0A4B0EF0388D007BC88F /* exit.png */; };
		537E0A540EF0390F007BC88F /* add.png in Resources */ = {isa = PBXBuildFile; fileRef = 537E0A520EF0390F007BC88F /* add.png */; };
		537E0A550EF0390F007BC88F /* del.png in Resources */ = {isa = PBXBuildFile; fileRef = 537E0A530EF0390F007BC88F /* del.png */; };
		537E0B590EF0BC91007BC88F /* TivoMenulet.m in Sources */ = {isa = PBXBuildFile; fileRef = 537E0B580EF0BC91007BC88F /* TivoMenulet.m */; };
		537E0B940EF0C17D007BC88F /* tivo_icon.png in Resources */ = {isa = PBXBuildFile; fileRef = 537E0B930EF0C17D007BC88F /* tivo_icon.png */; };
		537E0BDF0EF0E61B007BC88F /* Startup.m in Sources */ = {isa = PBXBuildFile; fileRef = 537E0BDD0EF0E61B007BC88F /* Startup.m */; };
		539820370EEDD13D0014CE74 /* Sparkle.framework in Frameworks */ = {isa = PBXBuildFile; fileRef = 539820360EEDD13D0014CE74 /* Sparkle.framework */; };
		539820430EEDD17E0014CE74 /* Sparkle.framework in CopyFiles */ = {isa = PBXBuildFile; fileRef = 539820360EEDD13D0014CE74 /* Sparkle.framework */; };
		539820480EEDD3020014CE74 /* dsa_pub.pem in Resources */ = {isa = PBXBuildFile; fileRef = 539820470EEDD3020014CE74 /* dsa_pub.pem */; };
		539820880EEDDFD20014CE74 /* pyTivoController.m in Sources */ = {isa = PBXBuildFile; fileRef = 539820870EEDDFD20014CE74 /* pyTivoController.m */; };
		53D84D910F8731C800AB18C1 /* pyTivo.m in Sources */ = {isa = PBXBuildFile; fileRef = 53D84D900F8731C800AB18C1 /* pyTivo.m */; };
		53D84D950F87325300AB18C1 /* MasterProc.m in Sources */ = {isa = PBXBuildFile; fileRef = 53D84D940F87325300AB18C1 /* MasterProc.m */; };
		53D84D9B0F8732B300AB18C1 /* SB.m in Sources */ = {isa = PBXBuildFile; fileRef = 53D84D9A0F8732B300AB18C1 /* SB.m */; };
		594E241B165C84B100052DAE /* StreamPrefsView.xib in Resources */ = {isa = PBXBuildFile; fileRef = 594E241A165C84B100052DAE /* StreamPrefsView.xib */; };
		594E2422165C906300052DAE /* GeneralPrefsController.m in Sources */ = {isa = PBXBuildFile; fileRef = 53D84AF60F86BA3A00AB18C1 /* GeneralPrefsController.m */; };
		594E2436165C929400052DAE /* MASPreferencesWindow.xib in Resources */ = {isa = PBXBuildFile; fileRef = 594E2433165C929400052DAE /* MASPreferencesWindow.xib */; };
		594E2437165C929400052DAE /* MASPreferencesWindowController.m in Sources */ = {isa = PBXBuildFile; fileRef = 594E2435165C929400052DAE /* MASPreferencesWindowController.m */; };
		594E2438165C9F4E00052DAE /* StreamPrefsController.m in Sources */ = {isa = PBXBuildFile; fileRef = 594E241D165C88AE00052DAE /* StreamPrefsController.m */; };
		594E2439165CA0CB00052DAE /* pyTivoPrefs.png in Resources */ = {isa = PBXBuildFile; fileRef = 53D84CED0F8707B000AB18C1 /* pyTivoPrefs.png */; };
		594E243E165CA34300052DAE /* GeneralPrefsView.xib in Resources */ = {isa = PBXBuildFile; fileRef = 53D84AEE0F86B85B00AB18C1 /* GeneralPrefsView.xib */; };
		8D11072B0486CEB800E47090 /* InfoPlist.strings in Resources */ = {isa = PBXBuildFile; fileRef = 089C165CFE840E0CC02AAC07 /* InfoPlist.strings */; };
		8D11072D0486CEB800E47090 /* main.m in Sources */ = {isa = PBXBuildFile; fileRef = 29B97316FDCFA39411CA2CEA /* main.m */; settings = {ATTRIBUTES = (); }; };
		8D11072F0486CEB800E47090 /* Cocoa.framework in Frameworks */ = {isa = PBXBuildFile; fileRef = 1058C7A1FEA54F0111CA2CBB /* Cocoa.framework */; };
/* End PBXBuildFile section */

/* Begin PBXContainerItemProxy section */
		537788000EEF940C000E5476 /* PBXContainerItemProxy */ = {
			isa = PBXContainerItemProxy;
			containerPortal = 29B97313FDCFA39411CA2CEA /* Project object */;
			proxyType = 1;
			remoteGlobalIDString = 8D1107260486CEB800E47090;
			remoteInfo = pyTivoX;
		};
/* End PBXContainerItemProxy section */

/* Begin PBXCopyFilesBuildPhase section */
		539820460EEDD1890014CE74 /* CopyFiles */ = {
			isa = PBXCopyFilesBuildPhase;
			buildActionMask = 2147483647;
			dstPath = "";
			dstSubfolderSpec = 10;
			files = (
				539820430EEDD17E0014CE74 /* Sparkle.framework in CopyFiles */,
			);
			runOnlyForDeploymentPostprocessing = 0;
		};
/* End PBXCopyFilesBuildPhase section */

/* Begin PBXFileReference section */
		089C165DFE840E0CC02AAC07 /* English */ = {isa = PBXFileReference; fileEncoding = 10; lastKnownFileType = text.plist.strings; name = English; path = English.lproj/InfoPlist.strings; sourceTree = "<group>"; };
		1058C7A1FEA54F0111CA2CBB /* Cocoa.framework */ = {isa = PBXFileReference; lastKnownFileType = wrapper.framework; name = Cocoa.framework; path = /System/Library/Frameworks/Cocoa.framework; sourceTree = "<absolute>"; };
		13E42FB307B3F0F600E4EEF1 /* CoreData.framework */ = {isa = PBXFileReference; lastKnownFileType = wrapper.framework; name = CoreData.framework; path = /System/Library/Frameworks/CoreData.framework; sourceTree = "<absolute>"; };
		1DDD58150DA1D0A300B32029 /* English */ = {isa = PBXFileReference; lastKnownFileType = file.xib; name = English; path = English.lproj/MainMenu.xib; sourceTree = "<group>"; };
		29B97316FDCFA39411CA2CEA /* main.m */ = {isa = PBXFileReference; fileEncoding = 4; lastKnownFileType = sourcecode.c.objc; path = main.m; sourceTree = "<group>"; };
		29B97324FDCFA39411CA2CEA /* AppKit.framework */ = {isa = PBXFileReference; lastKnownFileType = wrapper.framework; name = AppKit.framework; path = /System/Library/Frameworks/AppKit.framework; sourceTree = "<absolute>"; };
		29B97325FDCFA39411CA2CEA /* Foundation.framework */ = {isa = PBXFileReference; lastKnownFileType = wrapper.framework; name = Foundation.framework; path = /System/Library/Frameworks/Foundation.framework; sourceTree = "<absolute>"; };
		32CA4F630368D1EE00C91783 /* pyTivoX_Prefix.pch */ = {isa = PBXFileReference; fileEncoding = 4; lastKnownFileType = sourcecode.c.h; path = pyTivoX_Prefix.pch; sourceTree = "<group>"; };
		53692A2C0EF49E2F006B6730 /* Credits.html */ = {isa = PBXFileReference; fileEncoding = 4; lastKnownFileType = text.html; path = Credits.html; sourceTree = "<group>"; };
		53692A360EF49F6C006B6730 /* runinshell.h */ = {isa = PBXFileReference; fileEncoding = 4; lastKnownFileType = sourcecode.c.h; path = runinshell.h; sourceTree = "<group>"; };
		53692A370EF49F6C006B6730 /* runinshell.m */ = {isa = PBXFileReference; fileEncoding = 4; lastKnownFileType = sourcecode.c.objc; path = runinshell.m; sourceTree = "<group>"; };
		537787D10EEF8C04000E5476 /* pyTivoX.icns */ = {isa = PBXFileReference; lastKnownFileType = image.icns; path = pyTivoX.icns; sourceTree = "<group>"; };
		537787D60EEF90A6000E5476 /* pyTivoX.html */ = {isa = PBXFileReference; fileEncoding = 4; lastKnownFileType = text.html; path = pyTivoX.html; sourceTree = "<group>"; };
		537E0A490EF0388C007BC88F /* reload.png */ = {isa = PBXFileReference; lastKnownFileType = image.png; path = reload.png; sourceTree = "<group>"; };
		537E0A4B0EF0388D007BC88F /* exit.png */ = {isa = PBXFileReference; lastKnownFileType = image.png; path = exit.png; sourceTree = "<group>"; };
		537E0A520EF0390F007BC88F /* add.png */ = {isa = PBXFileReference; lastKnownFileType = image.png; path = add.png; sourceTree = "<group>"; };
		537E0A530EF0390F007BC88F /* del.png */ = {isa = PBXFileReference; lastKnownFileType = image.png; path = del.png; sourceTree = "<group>"; };
		537E0B570EF0BC91007BC88F /* TivoMenulet.h */ = {isa = PBXFileReference; fileEncoding = 4; lastKnownFileType = sourcecode.c.h; path = TivoMenulet.h; sourceTree = "<group>"; };
		537E0B580EF0BC91007BC88F /* TivoMenulet.m */ = {isa = PBXFileReference; fileEncoding = 4; lastKnownFileType = sourcecode.c.objc; path = TivoMenulet.m; sourceTree = "<group>"; };
		537E0B930EF0C17D007BC88F /* tivo_icon.png */ = {isa = PBXFileReference; lastKnownFileType = image.png; path = tivo_icon.png; sourceTree = "<group>"; };
		537E0BDD0EF0E61B007BC88F /* Startup.m */ = {isa = PBXFileReference; fileEncoding = 4; lastKnownFileType = sourcecode.c.objc; path = Startup.m; sourceTree = "<group>"; };
		537E0BDE0EF0E61B007BC88F /* Startup.h */ = {isa = PBXFileReference; fileEncoding = 4; lastKnownFileType = sourcecode.c.h; path = Startup.h; sourceTree = "<group>"; };
		539820360EEDD13D0014CE74 /* Sparkle.framework */ = {isa = PBXFileReference; lastKnownFileType = wrapper.framework; path = Sparkle.framework; sourceTree = "<group>"; };
		539820470EEDD3020014CE74 /* dsa_pub.pem */ = {isa = PBXFileReference; fileEncoding = 4; lastKnownFileType = text; path = dsa_pub.pem; sourceTree = "<group>"; };
		539820860EEDDFD20014CE74 /* pyTivoController.h */ = {isa = PBXFileReference; fileEncoding = 4; lastKnownFileType = sourcecode.c.h; path = pyTivoController.h; sourceTree = "<group>"; };
		539820870EEDDFD20014CE74 /* pyTivoController.m */ = {isa = PBXFileReference; fileEncoding = 4; lastKnownFileType = sourcecode.c.objc; path = pyTivoController.m; sourceTree = "<group>"; };
		53D84AE40F86B6FB00AB18C1 /* GeneralPreferences.tiff */ = {isa = PBXFileReference; lastKnownFileType = image.tiff; name = GeneralPreferences.tiff; path = PrefsPane/GeneralPrefs/GeneralPreferences.tiff; sourceTree = "<group>"; };
		53D84AE70F86B77100AB18C1 /* GeneralPrefsController.h */ = {isa = PBXFileReference; fileEncoding = 4; lastKnownFileType = sourcecode.c.h; name = GeneralPrefsController.h; path = PrefsPane/GeneralPrefs/GeneralPrefsController.h; sourceTree = "<group>"; };
		53D84AEE0F86B85B00AB18C1 /* GeneralPrefsView.xib */ = {isa = PBXFileReference; lastKnownFileType = file.xib; name = GeneralPrefsView.xib; path = PrefsPane/GeneralPrefs/GeneralPrefsView.xib; sourceTree = "<group>"; };
		53D84AF60F86BA3A00AB18C1 /* GeneralPrefsController.m */ = {isa = PBXFileReference; fileEncoding = 4; lastKnownFileType = sourcecode.c.objc; name = GeneralPrefsController.m; path = PrefsPane/GeneralPrefs/GeneralPrefsController.m; sourceTree = "<group>"; };
		53D84CED0F8707B000AB18C1 /* pyTivoPrefs.png */ = {isa = PBXFileReference; lastKnownFileType = image.png; name = pyTivoPrefs.png; path = PrefsPane/pyTivoPrefs/pyTivoPrefs.png; sourceTree = "<group>"; };
		53D84D8F0F8731C800AB18C1 /* pyTivo.h */ = {isa = PBXFileReference; fileEncoding = 4; lastKnownFileType = sourcecode.c.h; path = pyTivo.h; sourceTree = "<group>"; };
		53D84D900F8731C800AB18C1 /* pyTivo.m */ = {isa = PBXFileReference; fileEncoding = 4; lastKnownFileType = sourcecode.c.objc; path = pyTivo.m; sourceTree = "<group>"; };
		53D84D930F87325300AB18C1 /* MasterProc.h */ = {isa = PBXFileReference; fileEncoding = 4; lastKnownFileType = sourcecode.c.h; path = MasterProc.h; sourceTree = "<group>"; };
		53D84D940F87325300AB18C1 /* MasterProc.m */ = {isa = PBXFileReference; fileEncoding = 4; lastKnownFileType = sourcecode.c.objc; path = MasterProc.m; sourceTree = "<group>"; };
		53D84D990F8732B300AB18C1 /* SB.h */ = {isa = PBXFileReference; fileEncoding = 4; lastKnownFileType = sourcecode.c.h; path = SB.h; sourceTree = "<group>"; };
		53D84D9A0F8732B300AB18C1 /* SB.m */ = {isa = PBXFileReference; fileEncoding = 4; lastKnownFileType = sourcecode.c.objc; path = SB.m; sourceTree = "<group>"; };
		53D84E420F87475E00AB18C1 /* PrefConstants.h */ = {isa = PBXFileReference; fileEncoding = 4; lastKnownFileType = sourcecode.c.h; path = PrefConstants.h; sourceTree = "<group>"; };
		594E241A165C84B100052DAE /* StreamPrefsView.xib */ = {isa = PBXFileReference; fileEncoding = 4; lastKnownFileType = file.xib; path = StreamPrefsView.xib; sourceTree = "<group>"; };
		594E241C165C88AD00052DAE /* StreamPrefsController.h */ = {isa = PBXFileReference; fileEncoding = 4; lastKnownFileType = sourcecode.c.h; name = StreamPrefsController.h; path = PrefsPane/SBPrefs/StreamPrefsController.h; sourceTree = "<group>"; };
		594E241D165C88AE00052DAE /* StreamPrefsController.m */ = {isa = PBXFileReference; fileEncoding = 4; lastKnownFileType = sourcecode.c.objc; name = StreamPrefsController.m; path = PrefsPane/SBPrefs/StreamPrefsController.m; sourceTree = "<group>"; };
		594E2432165C929400052DAE /* MASPreferencesViewController.h */ = {isa = PBXFileReference; fileEncoding = 4; lastKnownFileType = sourcecode.c.h; name = MASPreferencesViewController.h; path = ../../../build/MASPreferences/MASPreferencesViewController.h; sourceTree = "<group>"; };
		594E2433165C929400052DAE /* MASPreferencesWindow.xib */ = {isa = PBXFileReference; fileEncoding = 4; lastKnownFileType = file.xib; name = MASPreferencesWindow.xib; path = ../../../build/MASPreferences/MASPreferencesWindow.xib; sourceTree = "<group>"; };
		594E2434165C929400052DAE /* MASPreferencesWindowController.h */ = {isa = PBXFileReference; fileEncoding = 4; lastKnownFileType = sourcecode.c.h; name = MASPreferencesWindowController.h; path = ../../../build/MASPreferences/MASPreferencesWindowController.h; sourceTree = "<group>"; };
		594E2435165C929400052DAE /* MASPreferencesWindowController.m */ = {isa = PBXFileReference; fileEncoding = 4; lastKnownFileType = sourcecode.c.objc; name = MASPreferencesWindowController.m; path = ../../../build/MASPreferences/MASPreferencesWindowController.m; sourceTree = "<group>"; };
		8D1107310486CEB800E47090 /* Info.plist */ = {isa = PBXFileReference; fileEncoding = 4; lastKnownFileType = text.plist.xml; path = Info.plist; sourceTree = "<group>"; };
		8D1107320486CEB800E47090 /* pyTivoX.app */ = {isa = PBXFileReference; explicitFileType = wrapper.application; includeInIndex = 0; path = pyTivoX.app; sourceTree = BUILT_PRODUCTS_DIR; };
/* End PBXFileReference section */

/* Begin PBXFrameworksBuildPhase section */
		8D11072E0486CEB800E47090 /* Frameworks */ = {
			isa = PBXFrameworksBuildPhase;
			buildActionMask = 2147483647;
			files = (
				8D11072F0486CEB800E47090 /* Cocoa.framework in Frameworks */,
				539820370EEDD13D0014CE74 /* Sparkle.framework in Frameworks */,
			);
			runOnlyForDeploymentPostprocessing = 0;
		};
/* End PBXFrameworksBuildPhase section */

/* Begin PBXGroup section */
		080E96DDFE201D6D7F000001 /* Classes */ = {
			isa = PBXGroup;
			children = (
				53D84E420F87475E00AB18C1 /* PrefConstants.h */,
				537E0B570EF0BC91007BC88F /* TivoMenulet.h */,
				537E0B580EF0BC91007BC88F /* TivoMenulet.m */,
				537E0BDD0EF0E61B007BC88F /* Startup.m */,
				537E0BDE0EF0E61B007BC88F /* Startup.h */,
				539820870EEDDFD20014CE74 /* pyTivoController.m */,
				539820860EEDDFD20014CE74 /* pyTivoController.h */,
				53692A360EF49F6C006B6730 /* runinshell.h */,
				53692A370EF49F6C006B6730 /* runinshell.m */,
				53D84D8F0F8731C800AB18C1 /* pyTivo.h */,
				53D84D900F8731C800AB18C1 /* pyTivo.m */,
				53D84D930F87325300AB18C1 /* MasterProc.h */,
				53D84D940F87325300AB18C1 /* MasterProc.m */,
				53D84D990F8732B300AB18C1 /* SB.h */,
				53D84D9A0F8732B300AB18C1 /* SB.m */,
			);
			name = Classes;
			sourceTree = "<group>";
		};
		1058C7A0FEA54F0111CA2CBB /* Linked Frameworks */ = {
			isa = PBXGroup;
			children = (
				1058C7A1FEA54F0111CA2CBB /* Cocoa.framework */,
				539820360EEDD13D0014CE74 /* Sparkle.framework */,
			);
			name = "Linked Frameworks";
			sourceTree = "<group>";
		};
		1058C7A2FEA54F0111CA2CBB /* Other Frameworks */ = {
			isa = PBXGroup;
			children = (
				29B97324FDCFA39411CA2CEA /* AppKit.framework */,
				13E42FB307B3F0F600E4EEF1 /* CoreData.framework */,
				29B97325FDCFA39411CA2CEA /* Foundation.framework */,
			);
			name = "Other Frameworks";
			sourceTree = "<group>";
		};
		19C28FACFE9D520D11CA2CBB /* Products */ = {
			isa = PBXGroup;
			children = (
				8D1107320486CEB800E47090 /* pyTivoX.app */,
			);
			name = Products;
			sourceTree = "<group>";
		};
		29B97314FDCFA39411CA2CEA /* pyTivoX */ = {
			isa = PBXGroup;
			children = (
				594E2431165C927300052DAE /* MASPreferences */,
				080E96DDFE201D6D7F000001 /* Classes */,
				29B97315FDCFA39411CA2CEA /* Other Sources */,
				29B97317FDCFA39411CA2CEA /* Resources */,
				29B97323FDCFA39411CA2CEA /* Frameworks */,
				19C28FACFE9D520D11CA2CBB /* Products */,
			);
			name = pyTivoX;
			sourceTree = "<group>";
		};
		29B97315FDCFA39411CA2CEA /* Other Sources */ = {
			isa = PBXGroup;
			children = (
				32CA4F630368D1EE00C91783 /* pyTivoX_Prefix.pch */,
				29B97316FDCFA39411CA2CEA /* main.m */,
			);
			name = "Other Sources";
			sourceTree = "<group>";
		};
		29B97317FDCFA39411CA2CEA /* Resources */ = {
			isa = PBXGroup;
			children = (
				53692A2C0EF49E2F006B6730 /* Credits.html */,
				537E0B930EF0C17D007BC88F /* tivo_icon.png */,
				537E0A520EF0390F007BC88F /* add.png */,
				537E0A530EF0390F007BC88F /* del.png */,
				537E0A490EF0388C007BC88F /* reload.png */,
				537E0A4B0EF0388D007BC88F /* exit.png */,
				537787D60EEF90A6000E5476 /* pyTivoX.html */,
				537787D10EEF8C04000E5476 /* pyTivoX.icns */,
				53D84CED0F8707B000AB18C1 /* pyTivoPrefs.png */,
				53D84AE40F86B6FB00AB18C1 /* GeneralPreferences.tiff */,
				539820470EEDD3020014CE74 /* dsa_pub.pem */,
				8D1107310486CEB800E47090 /* Info.plist */,
				089C165CFE840E0CC02AAC07 /* InfoPlist.strings */,
				1DDD58140DA1D0A300B32029 /* MainMenu.xib */,
			);
			name = Resources;
			sourceTree = "<group>";
		};
		29B97323FDCFA39411CA2CEA /* Frameworks */ = {
			isa = PBXGroup;
			children = (
				1058C7A0FEA54F0111CA2CBB /* Linked Frameworks */,
				1058C7A2FEA54F0111CA2CBB /* Other Frameworks */,
			);
			name = Frameworks;
			sourceTree = "<group>";
		};
		594E2431165C927300052DAE /* MASPreferences */ = {
			isa = PBXGroup;
			children = (
				594E2432165C929400052DAE /* MASPreferencesViewController.h */,
				594E2433165C929400052DAE /* MASPreferencesWindow.xib */,
				594E2434165C929400052DAE /* MASPreferencesWindowController.h */,
				594E2435165C929400052DAE /* MASPreferencesWindowController.m */,
				594E241C165C88AD00052DAE /* StreamPrefsController.h */,
				594E241D165C88AE00052DAE /* StreamPrefsController.m */,
				594E241A165C84B100052DAE /* StreamPrefsView.xib */,
				53D84AEE0F86B85B00AB18C1 /* GeneralPrefsView.xib */,
				53D84AF60F86BA3A00AB18C1 /* GeneralPrefsController.m */,
				53D84AE70F86B77100AB18C1 /* GeneralPrefsController.h */,
			);
			name = MASPreferences;
			sourceTree = "<group>";
		};
/* End PBXGroup section */

/* Begin PBXNativeTarget section */
		8D1107260486CEB800E47090 /* pyTivoX */ = {
			isa = PBXNativeTarget;
			buildConfigurationList = C01FCF4A08A954540054247B /* Build configuration list for PBXNativeTarget "pyTivoX" */;
			buildPhases = (
				8D1107290486CEB800E47090 /* Resources */,
				8D11072C0486CEB800E47090 /* Sources */,
				53DD17340F19E2E7000323A8 /* ShellScript */,
				8D11072E0486CEB800E47090 /* Frameworks */,
				539820460EEDD1890014CE74 /* CopyFiles */,
			);
			buildRules = (
			);
			dependencies = (
			);
			name = pyTivoX;
			productInstallPath = "$(HOME)/Applications";
			productName = pyTivoX;
			productReference = 8D1107320486CEB800E47090 /* pyTivoX.app */;
			productType = "com.apple.product-type.application";
		};
/* End PBXNativeTarget section */

/* Begin PBXProject section */
		29B97313FDCFA39411CA2CEA /* Project object */ = {
			isa = PBXProject;
			attributes = {
				LastUpgradeCheck = 0450;
			};
			buildConfigurationList = C01FCF4E08A954540054247B /* Build configuration list for PBXProject "pyTivoX" */;
			compatibilityVersion = "Xcode 3.2";
			developmentRegion = English;
			hasScannedForEncodings = 1;
			knownRegions = (
				en,
			);
			mainGroup = 29B97314FDCFA39411CA2CEA /* pyTivoX */;
			projectDirPath = "";
			projectRoot = "";
			targets = (
				8D1107260486CEB800E47090 /* pyTivoX */,
				537787E80EEF9341000E5476 /* Distribution */,
			);
		};
/* End PBXProject section */

/* Begin PBXResourcesBuildPhase section */
		8D1107290486CEB800E47090 /* Resources */ = {
			isa = PBXResourcesBuildPhase;
			buildActionMask = 2147483647;
			files = (
				8D11072B0486CEB800E47090 /* InfoPlist.strings in Resources */,
				1DDD58160DA1D0A300B32029 /* MainMenu.xib in Resources */,
				539820480EEDD3020014CE74 /* dsa_pub.pem in Resources */,
				537787D20EEF8C04000E5476 /* pyTivoX.icns in Resources */,
				537787D70EEF90A6000E5476 /* pyTivoX.html in Resources */,
				537E0A4D0EF0388D007BC88F /* reload.png in Resources */,
				594E243E165CA34300052DAE /* GeneralPrefsView.xib in Resources */,
				537E0A4F0EF0388D007BC88F /* exit.png in Resources */,
				537E0A540EF0390F007BC88F /* add.png in Resources */,
				594E2439165CA0CB00052DAE /* pyTivoPrefs.png in Resources */,
				537E0A550EF0390F007BC88F /* del.png in Resources */,
				537E0B940EF0C17D007BC88F /* tivo_icon.png in Resources */,
				53692A2D0EF49E2F006B6730 /* Credits.html in Resources */,
				594E241B165C84B100052DAE /* StreamPrefsView.xib in Resources */,
				594E2436165C929400052DAE /* MASPreferencesWindow.xib in Resources */,
			);
			runOnlyForDeploymentPostprocessing = 0;
		};
/* End PBXResourcesBuildPhase section */

/* Begin PBXShellScriptBuildPhase section */
		537787E70EEF9341000E5476 /* ShellScript */ = {
			isa = PBXShellScriptBuildPhase;
			buildActionMask = 2147483647;
			files = (
			);
			inputPaths = (
			);
			outputPaths = (
			);
			runOnlyForDeploymentPostprocessing = 0;
			shellPath = /bin/sh;
			shellScript = "#!/bin/bash\n\nset -o errexit\n\n[ $BUILD_STYLE = Release ] || { echo Distribution target requires \"'Release'\" build style; false; }\n\nVERSION=$(defaults read \"$BUILT_PRODUCTS_DIR/$PROJECT_NAME.app/Contents/Info\" CFBundleVersion)\nBUILD_STRING=$(defaults read \"$BUILT_PRODUCTS_DIR/$PROJECT_NAME.app/Contents/Info\" CFBundleShortVersionString)\nDOWNLOAD_BASE_URL=\"http://pytivox.googlecode.com/files\"\ncase \"$VERSION\" in\n *b*)\n    RELEASENOTES_URL=\"http://pytivox.googlecode.com/svn/trunk/www/changelog-beta.html\"\n    FILE_VERSION=\"beta\"\n    ;;\n *)\n    RELEASENOTES_URL=\"http://pytivox.googlecode.com/svn/trunk/www/changelog.html\"\n    FILE_VERSION=\"$VERSION\"\n    ;;\nesac\n\nRELEASE_DIR=\"/Users/yoav/Desktop/\"\nARCHIVE_FILENAME=\"$PROJECT_NAME-$FILE_VERSION.dmg\"\nDOWNLOAD_URL=\"$DOWNLOAD_BASE_URL/$ARCHIVE_FILENAME\"\n\ncp \"$BUILT_PRODUCTS_DIR/$PROJECT_NAME.app/Contents/Info.plist\" \"$BUILT_PRODUCTS_DIR/$PROJECT_NAME.app/Contents/Info-daemon.plist\"\ncp \"$BUILT_PRODUCTS_DIR/$PROJECT_NAME.app/Contents/Info.plist\" \"$BUILT_PRODUCTS_DIR/$PROJECT_NAME.app/Contents/Info-reg.plist\"\ndefaults write \"$BUILT_PRODUCTS_DIR/$PROJECT_NAME.app/Contents/Info-daemon\" NSUIElement 1\ndefaults write \"$BUILT_PRODUCTS_DIR/$PROJECT_NAME.app/Contents/Info-reg\" NSUIElement 0\n\nWD=$PWD\nrm -f \"$RELEASE_DIR/$ARCHIVE_FILENAME\"\n./create_dmg.sh \"$FILE_VERSION\"\n\n#cd \"$BUILT_PRODUCTS_DIR\"\n#rm -f \"$PROJECT_NAME\"*.zip\n#zip -qr \"$ARCHIVE_FILENAME\" \"$PROJECT_NAME.app\" \"gpl-3.0.txt\" \"INSTALL.txt\"\n\nSIZE=$(stat -f %z \"$RELEASE_DIR/$ARCHIVE_FILENAME\")\nPUBDATE=$(date +\"%a, %d %b %G %T %z\")\nSIGNATURE=$(\n\topenssl dgst -sha1 -binary < \"$RELEASE_DIR/$ARCHIVE_FILENAME\" \\\n\t| openssl dgst -dss1 -sign \"$WD/keys/dsa_priv.pem\" \\\n\t| openssl enc -base64\n)\n\n[ $SIGNATURE ] || { echo Unable to load signing private key with name \"'$KEYCHAIN_PRIVKEY_NAME'\" from keychain; false; }\n\ncat <<EOF\n\t\t<item>\n\t\t\t<title>Version $VERSION</title>\n\t\t\t<sparkle:releaseNotesLink>$RELEASENOTES_URL</sparkle:releaseNotesLink>\n\t\t\t<pubDate>$PUBDATE</pubDate>\n\t\t\t<enclosure\n\t\t\t\turl=\"$DOWNLOAD_URL\"\n\t\t\t\tsparkle:version=\"$VERSION\"\n\t\t\t\ttype=\"application/octet-stream\"\n\t\t\t\tlength=\"$SIZE\"\n\t\t\t\tsparkle:dsaSignature=\"$SIGNATURE\"\n\t\t\t/>\n\t\t</item>\nEOF\n";
			showEnvVarsInLog = 0;
		};
		53DD17340F19E2E7000323A8 /* ShellScript */ = {
			isa = PBXShellScriptBuildPhase;
			buildActionMask = 2147483647;
			files = (
			);
			inputPaths = (
				"$(SRCROOT)/myfile",
			);
			outputPaths = (
			);
			runOnlyForDeploymentPostprocessing = 0;
			shellPath = /bin/bash;
			shellScript = "\n# Copy, setup, and compile pytivo\ntar --exclude .git -c deps/pytivo | tar -C $BUILT_PRODUCTS_DIR/$PROJECT_NAME.app/Contents/Resources/ -x\npython -mcompileall $BUILT_PRODUCTS_DIR/$PROJECT_NAME.app/Contents/Resources/deps/pytivo\ntar --exclude .git -c deps/streambaby | tar -C $BUILT_PRODUCTS_DIR/$PROJECT_NAME.app/Contents/Resources/ -x\n\n# Copy, setup, and compile StreamBaby\necho -e \"com.unwiredappeal=debug\\ncom.tivo=debug\" > $BUILT_PRODUCTS_DIR/$PROJECT_NAME.app/Contents/Resources/deps/streambaby/simplelog.properties\ncd $BUILT_PRODUCTS_DIR/$PROJECT_NAME.app/Contents/Resources/deps/streambaby\nif [ ! -d \"./jbin\" ]\nthen\n    ant -buildfile build.xml\nfi\n\n";
			showEnvVarsInLog = 0;
		};
/* End PBXShellScriptBuildPhase section */

/* Begin PBXSourcesBuildPhase section */
		8D11072C0486CEB800E47090 /* Sources */ = {
			isa = PBXSourcesBuildPhase;
			buildActionMask = 2147483647;
			files = (
				8D11072D0486CEB800E47090 /* main.m in Sources */,
				539820880EEDDFD20014CE74 /* pyTivoController.m in Sources */,
				537E0B590EF0BC91007BC88F /* TivoMenulet.m in Sources */,
				537E0BDF0EF0E61B007BC88F /* Startup.m in Sources */,
				53692A380EF49F6C006B6730 /* runinshell.m in Sources */,
				594E2422165C906300052DAE /* GeneralPrefsController.m in Sources */,
				53D84D910F8731C800AB18C1 /* pyTivo.m in Sources */,
				594E2438165C9F4E00052DAE /* StreamPrefsController.m in Sources */,
				53D84D950F87325300AB18C1 /* MasterProc.m in Sources */,
				53D84D9B0F8732B300AB18C1 /* SB.m in Sources */,
				594E2437165C929400052DAE /* MASPreferencesWindowController.m in Sources */,
			);
			runOnlyForDeploymentPostprocessing = 0;
		};
/* End PBXSourcesBuildPhase section */

/* Begin PBXTargetDependency section */
		537788010EEF940C000E5476 /* PBXTargetDependency */ = {
			isa = PBXTargetDependency;
			target = 8D1107260486CEB800E47090 /* pyTivoX */;
			targetProxy = 537788000EEF940C000E5476 /* PBXContainerItemProxy */;
		};
/* End PBXTargetDependency section */

/* Begin PBXVariantGroup section */
		089C165CFE840E0CC02AAC07 /* InfoPlist.strings */ = {
			isa = PBXVariantGroup;
			children = (
				089C165DFE840E0CC02AAC07 /* English */,
			);
			name = InfoPlist.strings;
			sourceTree = "<group>";
		};
		1DDD58140DA1D0A300B32029 /* MainMenu.xib */ = {
			isa = PBXVariantGroup;
			children = (
				1DDD58150DA1D0A300B32029 /* English */,
			);
			name = MainMenu.xib;
			sourceTree = "<group>";
		};
/* End PBXVariantGroup section */

/* Begin XCBuildConfiguration section */
		537787E90EEF9341000E5476 /* Debug */ = {
			isa = XCBuildConfiguration;
			buildSettings = {
				COMBINE_HIDPI_IMAGES = YES;
				COPY_PHASE_STRIP = NO;
				GCC_DYNAMIC_NO_PIC = NO;
				GCC_OPTIMIZATION_LEVEL = 0;
				PRODUCT_NAME = Distribution;
			};
			name = Debug;
		};
		537787EA0EEF9341000E5476 /* Release */ = {
			isa = XCBuildConfiguration;
			buildSettings = {
				COMBINE_HIDPI_IMAGES = YES;
				COPY_PHASE_STRIP = YES;
				DEBUG_INFORMATION_FORMAT = "dwarf-with-dsym";
				PRODUCT_NAME = Distribution;
				ZERO_LINK = NO;
			};
			name = Release;
		};
		C01FCF4B08A954540054247B /* Debug */ = {
			isa = XCBuildConfiguration;
			buildSettings = {
				ALWAYS_SEARCH_USER_PATHS = NO;
				ARCHS = "$(ARCHS_STANDARD_64_BIT)";
				CLANG_ENABLE_OBJC_ARC = YES;
				COMBINE_HIDPI_IMAGES = YES;
				COPY_PHASE_STRIP = NO;
				FRAMEWORK_SEARCH_PATHS = (
					"$(inherited)",
					"\"$(SRCROOT)\"",
				);
				GCC_DYNAMIC_NO_PIC = NO;
				GCC_MODEL_TUNING = G5;
				GCC_OPTIMIZATION_LEVEL = 0;
				GCC_PRECOMPILE_PREFIX_HEADER = YES;
				GCC_PREFIX_HEADER = pyTivoX_Prefix.pch;
				INFOPLIST_FILE = Info.plist;
				INSTALL_PATH = "$(HOME)/Applications";
				LIBRARY_SEARCH_PATHS = (
					"$(inherited)",
					"\"$(SRCROOT)/External Software\"",
				);
				PRODUCT_NAME = pyTivoX;
			};
			name = Debug;
		};
		C01FCF4C08A954540054247B /* Release */ = {
			isa = XCBuildConfiguration;
			buildSettings = {
				ALWAYS_SEARCH_USER_PATHS = NO;
				ARCHS = "$(ARCHS_STANDARD_64_BIT)";
				CLANG_ENABLE_OBJC_ARC = YES;
				COMBINE_HIDPI_IMAGES = YES;
				FRAMEWORK_SEARCH_PATHS = (
					"$(inherited)",
					"\"$(SRCROOT)\"",
				);
				GCC_MODEL_TUNING = G5;
				GCC_PRECOMPILE_PREFIX_HEADER = YES;
				GCC_PREFIX_HEADER = pyTivoX_Prefix.pch;
				INFOPLIST_FILE = Info.plist;
				INSTALL_PATH = "$(HOME)/Applications";
				LIBRARY_SEARCH_PATHS = (
					"$(inherited)",
					"\"$(SRCROOT)/External Software\"",
				);
				PRODUCT_NAME = pyTivoX;
			};
			name = Release;
		};
		C01FCF4F08A954540054247B /* Debug */ = {
			isa = XCBuildConfiguration;
			buildSettings = {
				ARCHS = "$(ARCHS_STANDARD_32_64_BIT)";
				GCC_C_LANGUAGE_STANDARD = c99;
				GCC_OPTIMIZATION_LEVEL = 0;
				GCC_WARN_ABOUT_RETURN_TYPE = YES;
				GCC_WARN_UNUSED_VARIABLE = YES;
				MACOSX_DEPLOYMENT_TARGET = 10.8;
				ONLY_ACTIVE_ARCH = YES;
				SDKROOT = macosx;
			};
			name = Debug;
		};
		C01FCF5008A954540054247B /* Release */ = {
			isa = XCBuildConfiguration;
			buildSettings = {
				ARCHS = "$(ARCHS_STANDARD_32_64_BIT)";
				GCC_C_LANGUAGE_STANDARD = c99;
				GCC_WARN_ABOUT_RETURN_TYPE = YES;
				GCC_WARN_UNUSED_VARIABLE = YES;
				MACOSX_DEPLOYMENT_TARGET = 10.8;
				SDKROOT = macosx;
			};
			name = Release;
		};
/* End XCBuildConfiguration section */

/* Begin XCConfigurationList section */
		537787EB0EEF935F000E5476 /* Build configuration list for PBXAggregateTarget "Distribution" */ = {
			isa = XCConfigurationList;
			buildConfigurations = (
				537787E90EEF9341000E5476 /* Debug */,
				537787EA0EEF9341000E5476 /* Release */,
			);
			defaultConfigurationIsVisible = 0;
			defaultConfigurationName = Release;
		};
		C01FCF4A08A954540054247B /* Build configuration list for PBXNativeTarget "pyTivoX" */ = {
			isa = XCConfigurationList;
			buildConfigurations = (
				C01FCF4B08A954540054247B /* Debug */,
				C01FCF4C08A954540054247B /* Release */,
			);
			defaultConfigurationIsVisible = 0;
			defaultConfigurationName = Release;
		};
		C01FCF4E08A954540054247B /* Build configuration list for PBXProject "pyTivoX" */ = {
			isa = XCConfigurationList;
			buildConfigurations = (
				C01FCF4F08A954540054247B /* Debug */,
				C01FCF5008A954540054247B /* Release */,
			);
			defaultConfigurationIsVisible = 0;
			defaultConfigurationName = Release;
		};
/* End XCConfigurationList section */
	};
	rootObject = 29B97313FDCFA39411CA2CEA /* Project object */;
}
